
Microsoft Visual Studio Solution File, Format Version 12.00
# Visual Studio Version 17
VisualStudioVersion = 17.4.33205.214
MinimumVisualStudioVersion = 10.0.40219.1
Project("{2150E333-8FDC-42A3-9474-1A3956D46DE8}") = "FrontEnd", "FrontEnd", "{1713A616-6B60-4584-9765-4FE42C9496AA}"
EndProject
Project("{2150E333-8FDC-42A3-9474-1A3956D46DE8}") = "Services", "Services", "{32771293-070F-4E44-BCF3-39C8A06DC38C}"
EndProject
Project("{9A19103F-16F7-4668-BE54-9A1E7A4F7556}") = "GeekShopping.Web", "GeekShopping.Web\GeekShopping.Web.csproj", "{6CB252B3-33F2-41D0-B144-E4B9005F97EB}"
EndProject
Project("{9A19103F-16F7-4668-BE54-9A1E7A4F7556}") = "GeekShopping.ProductApi", "GeekShopping.ProductApi\GeekShopping.ProductApi.csproj", "{29939B1E-D50F-4C2F-8991-9D66991B6934}"
EndProject
Project("{9A19103F-16F7-4668-BE54-9A1E7A4F7556}") = "GeekShopping.IdentityServer", "GeekShopping.IdentityServer\GeekShopping.IdentityServer.csproj", "{507BB05C-B764-4C15-9E92-FDDEB5D498E7}"
EndProject
Project("{9A19103F-16F7-4668-BE54-9A1E7A4F7556}") = "GeekShopping.CartAPI", "GeekShopping.CartAPI\GeekShopping.CartAPI.csproj", "{A8C29AF6-EEEA-4FE6-B0BC-A854A715E85A}"
EndProject
Project("{9A19103F-16F7-4668-BE54-9A1E7A4F7556}") = "GeekShopping.CouponAPI", "GeekShopping.CouponAPI\GeekShopping.CouponAPI.csproj", "{5AFB0478-2F7F-41DC-84C0-A37A56081BF4}"
EndProject
Project("{2150E333-8FDC-42A3-9474-1A3956D46DE8}") = "Integration", "Integration", "{668445E0-9246-4802-9A0B-91E7E0331860}"
EndProject
Project("{9A19103F-16F7-4668-BE54-9A1E7A4F7556}") = "GeekShopping.MessageBus", "GeekShopping.MessageBus\GeekShopping.MessageBus.csproj", "{FF40BDA0-5842-4183-ADFA-E898B2DE8D09}"
EndProject
Project("{9A19103F-16F7-4668-BE54-9A1E7A4F7556}") = "GeekShopping.OrderAPI", "GeekShopping.OrderAPI\GeekShopping.OrderAPI.csproj", "{DA12F412-D430-490B-B433-F00A086CCFAF}"
EndProject
Project("{2150E333-8FDC-42A3-9474-1A3956D46DE8}") = "Payments", "Payments", "{AD886819-BA60-429D-A4E8-12DF241308CB}"
EndProject
Project("{FAE04EC0-301F-11D3-BF4B-00C04F79EFBC}") = "GeekShopping.PaymentProcessor", "GeekShopping.PaymentProcessor\GeekShopping.PaymentProcessor.csproj", "{39B265E9-F7B2-4FCB-A226-48FC4F60EC3F}"
EndProject
Project("{FAE04EC0-301F-11D3-BF4B-00C04F79EFBC}") = "GeekShopping.PaymentAPI", "GeekShopping.PaymentAPI\GeekShopping.PaymentAPI.csproj", "{C2DB3EAB-9CF7-401D-B303-BAE95DBA6E5E}"
EndProject
Global
	GlobalSection(SolutionConfigurationPlatforms) = preSolution
		Debug|Any CPU = Debug|Any CPU
		Release|Any CPU = Release|Any CPU
	EndGlobalSection
	GlobalSection(ProjectConfigurationPlatforms) = postSolution
		{6CB252B3-33F2-41D0-B144-E4B9005F97EB}.Debug|Any CPU.ActiveCfg = Debug|Any CPU
		{6CB252B3-33F2-41D0-B144-E4B9005F97EB}.Debug|Any CPU.Build.0 = Debug|Any CPU
		{6CB252B3-33F2-41D0-B144-E4B9005F97EB}.Release|Any CPU.ActiveCfg = Release|Any CPU
		{6CB252B3-33F2-41D0-B144-E4B9005F97EB}.Release|Any CPU.Build.0 = Release|Any CPU
		{29939B1E-D50F-4C2F-8991-9D66991B6934}.Debug|Any CPU.ActiveCfg = Debug|Any CPU
		{29939B1E-D50F-4C2F-8991-9D66991B6934}.Debug|Any CPU.Build.0 = Debug|Any CPU
		{29939B1E-D50F-4C2F-8991-9D66991B6934}.Release|Any CPU.ActiveCfg = Release|Any CPU
		{29939B1E-D50F-4C2F-8991-9D66991B6934}.Release|Any CPU.Build.0 = Release|Any CPU
		{507BB05C-B764-4C15-9E92-FDDEB5D498E7}.Debug|Any CPU.ActiveCfg = Debug|Any CPU
		{507BB05C-B764-4C15-9E92-FDDEB5D498E7}.Debug|Any CPU.Build.0 = Debug|Any CPU
		{507BB05C-B764-4C15-9E92-FDDEB5D498E7}.Release|Any CPU.ActiveCfg = Release|Any CPU
		{507BB05C-B764-4C15-9E92-FDDEB5D498E7}.Release|Any CPU.Build.0 = Release|Any CPU
		{A8C29AF6-EEEA-4FE6-B0BC-A854A715E85A}.Debug|Any CPU.ActiveCfg = Debug|Any CPU
		{A8C29AF6-EEEA-4FE6-B0BC-A854A715E85A}.Debug|Any CPU.Build.0 = Debug|Any CPU
		{A8C29AF6-EEEA-4FE6-B0BC-A854A715E85A}.Release|Any CPU.ActiveCfg = Release|Any CPU
		{A8C29AF6-EEEA-4FE6-B0BC-A854A715E85A}.Release|Any CPU.Build.0 = Release|Any CPU
		{5AFB0478-2F7F-41DC-84C0-A37A56081BF4}.Debug|Any CPU.ActiveCfg = Debug|Any CPU
		{5AFB0478-2F7F-41DC-84C0-A37A56081BF4}.Debug|Any CPU.Build.0 = Debug|Any CPU
		{5AFB0478-2F7F-41DC-84C0-A37A56081BF4}.Release|Any CPU.ActiveCfg = Release|Any CPU
		{5AFB0478-2F7F-41DC-84C0-A37A56081BF4}.Release|Any CPU.Build.0 = Release|Any CPU
		{FF40BDA0-5842-4183-ADFA-E898B2DE8D09}.Debug|Any CPU.ActiveCfg = Debug|Any CPU
		{FF40BDA0-5842-4183-ADFA-E898B2DE8D09}.Debug|Any CPU.Build.0 = Debug|Any CPU
		{FF40BDA0-5842-4183-ADFA-E898B2DE8D09}.Release|Any CPU.ActiveCfg = Release|Any CPU
		{FF40BDA0-5842-4183-ADFA-E898B2DE8D09}.Release|Any CPU.Build.0 = Release|Any CPU
		{DA12F412-D430-490B-B433-F00A086CCFAF}.Debug|Any CPU.ActiveCfg = Debug|Any CPU
		{DA12F412-D430-490B-B433-F00A086CCFAF}.Debug|Any CPU.Build.0 = Debug|Any CPU
		{DA12F412-D430-490B-B433-F00A086CCFAF}.Release|Any CPU.ActiveCfg = Release|Any CPU
		{DA12F412-D430-490B-B433-F00A086CCFAF}.Release|Any CPU.Build.0 = Release|Any CPU
		{39B265E9-F7B2-4FCB-A226-48FC4F60EC3F}.Debug|Any CPU.ActiveCfg = Debug|Any CPU
		{39B265E9-F7B2-4FCB-A226-48FC4F60EC3F}.Debug|Any CPU.Build.0 = Debug|Any CPU
		{39B265E9-F7B2-4FCB-A226-48FC4F60EC3F}.Release|Any CPU.ActiveCfg = Release|Any CPU
		{39B265E9-F7B2-4FCB-A226-48FC4F60EC3F}.Release|Any CPU.Build.0 = Release|Any CPU
		{C2DB3EAB-9CF7-401D-B303-BAE95DBA6E5E}.Debug|Any CPU.ActiveCfg = Debug|Any CPU
		{C2DB3EAB-9CF7-401D-B303-BAE95DBA6E5E}.Debug|Any CPU.Build.0 = Debug|Any CPU
		{C2DB3EAB-9CF7-401D-B303-BAE95DBA6E5E}.Release|Any CPU.ActiveCfg = Release|Any CPU
		{C2DB3EAB-9CF7-401D-B303-BAE95DBA6E5E}.Release|Any CPU.Build.0 = Release|Any CPU
	EndGlobalSection
	GlobalSection(SolutionProperties) = preSolution
		HideSolutionNode = FALSE
	EndGlobalSection
	GlobalSection(NestedProjects) = preSolution
		{6CB252B3-33F2-41D0-B144-E4B9005F97EB} = {1713A616-6B60-4584-9765-4FE42C9496AA}
		{29939B1E-D50F-4C2F-8991-9D66991B6934} = {32771293-070F-4E44-BCF3-39C8A06DC38C}
		{507BB05C-B764-4C15-9E92-FDDEB5D498E7} = {32771293-070F-4E44-BCF3-39C8A06DC38C}
		{A8C29AF6-EEEA-4FE6-B0BC-A854A715E85A} = {32771293-070F-4E44-BCF3-39C8A06DC38C}
		{5AFB0478-2F7F-41DC-84C0-A37A56081BF4} = {32771293-070F-4E44-BCF3-39C8A06DC38C}
		{FF40BDA0-5842-4183-ADFA-E898B2DE8D09} = {668445E0-9246-4802-9A0B-91E7E0331860}
		{DA12F412-D430-490B-B433-F00A086CCFAF} = {32771293-070F-4E44-BCF3-39C8A06DC38C}
		{39B265E9-F7B2-4FCB-A226-48FC4F60EC3F} = {AD886819-BA60-429D-A4E8-12DF241308CB}
		{C2DB3EAB-9CF7-401D-B303-BAE95DBA6E5E} = {32771293-070F-4E44-BCF3-39C8A06DC38C}
	EndGlobalSection
	GlobalSection(ExtensibilityGlobals) = postSolution
		SolutionGuid = {3112E919-7DBB-4A75-83F1-C79BE541D531}
	EndGlobalSection
EndGlobal
